
Microsoft Visual Studio Solution File, Format Version 12.00
# Visual Studio Version 17
VisualStudioVersion = 17.6.33712.159
MinimumVisualStudioVersion = 10.0.40219.1
Project("{FAE04EC0-301F-11D3-BF4B-00C04F79EFBC}") = "POO2", "POO2.csproj", "{0819D820-657C-4793-9104-3CE117E29DCE}"
EndProject
Global
	GlobalSection(SolutionConfigurationPlatforms) = preSolution
		Debug|Any CPU = Debug|Any CPU
		Release|Any CPU = Release|Any CPU
	EndGlobalSection
	GlobalSection(ProjectConfigurationPlatforms) = postSolution
		{0819D820-657C-4793-9104-3CE117E29DCE}.Debug|Any CPU.ActiveCfg = Debug|Any CPU
		{0819D820-657C-4793-9104-3CE117E29DCE}.Debug|Any CPU.Build.0 = Debug|Any CPU
		{0819D820-657C-4793-9104-3CE117E29DCE}.Release|Any CPU.ActiveCfg = Release|Any CPU
		{0819D820-657C-4793-9104-3CE117E29DCE}.Release|Any CPU.Build.0 = Release|Any CPU
	EndGlobalSection
	GlobalSection(SolutionProperties) = preSolution
		HideSolutionNode = FALSE
	EndGlobalSection
	GlobalSection(ExtensibilityGlobals) = postSolution
		SolutionGuid = {8C089D6B-3680-4264-A31A-D2C1CE6BF4B6}
	EndGlobalSection
EndGlobal
